lockfileVersion: '9.0'

settings:
  autoInstallPeers: true
  excludeLinksFromLockfile: false

importers:

  .:
    dependencies:
      node:
        specifier: ^25.9.0
        version: 25.9.0
    devDependencies:
      '@types/node':
        specifier: ^20.14.2
        version: 20.19.39
      '@types/vscode':
        specifier: ^1.90.0
        version: 1.115.0
      typescript:
        specifier: ^5.5.4
        version: 5.9.3

packages:

  '@types/node@20.19.39':
    resolution: {integrity: sha512-orrrD74MBUyK8jOAD/r0+lfa1I2MO6I+vAkmAWzMYbCcgrN4lCrmK52gRFQq/JRxfYPfonkr4b0jcY7Olqdqbw==}

  '@types/vscode@1.115.0':
    resolution: {integrity: sha512-/M8cdznOlqtMqduHKKlIF00v4eum4ZWKgn8YoPRKcN6PDdvoWeeqDaQSnw63ipDbq1Uzz78Wndk/d0uSPwORfA==}

  node-bin-setup@1.1.4:
    resolution: {integrity: sha512-vWNHOne0ZUavArqPP5LJta50+S8R261Fr5SvGul37HbEDcowvLjwdvd0ZeSr0r2lTSrPxl6okq9QUw8BFGiAxA==}

  node@25.9.0:
    resolution: {integrity: sha512-tfIfIRJVc32gUI+cQrxwAGWLwTy/EENnB3vF95RuAFosqBGjMTY+o0/3T4oPOipUFrsebQ5WDMsRyAqn65RMFQ==}
    engines: {npm: '>=5.0.0'}
    hasBin: true

  typescript@5.9.3:
    resolution: {integrity: sha512-jl1vZzPDinLr9eUt3J/t7V6FgNEw9QjvBPdysz9KfQDD41fQrC2Y4vKQdiaUpFT4bXlb1RHhLpp8wtm6M5TgSw==}
    engines: {node: '>=14.17'}
    hasBin: true

  undici-types@6.21.0:
    resolution: {integrity: sha512-iwDZqg0QAGrg9Rav5H4n0M64c3mkR59cJ6wQp+7C4nI0gsmExaedaYLNO44eT4AtBBwjbTiGPMlt2Md0T9H9JQ==}

snapshots:

  '@types/node@20.19.39':
    dependencies:
      undici-types: 6.21.0

  '@types/vscode@1.115.0': {}

  node-bin-setup@1.1.4: {}

  node@25.9.0:
    dependencies:
      node-bin-setup: 1.1.4

  typescript@5.9.3: {}

  undici-types@6.21.0: {}
